
Microsoft Visual Studio Solution File, Format Version 12.00
# Visual Studio 15
Project("{FAE04EC0-301F-11D3-BF4B-00C04F79EFBC}") = "Assembly-CSharp", "Assembly-CSharp.csproj", "{730E0582-AE01-B61E-BD67-4B92EB2A323A}"
EndProject
Global
	GlobalSection(SolutionConfigurationPlatforms) = preSolution
		Debug|Any CPU = Debug|Any CPU
		Release|Any CPU = Release|Any CPU
	EndGlobalSection
	GlobalSection(ProjectConfigurationPlatforms) = postSolution
		{730E0582-AE01-B61E-BD67-4B92EB2A323A}.Debug|Any CPU.ActiveCfg = Debug|Any CPU
		{730E0582-AE01-B61E-BD67-4B92EB2A323A}.Debug|Any CPU.Build.0 = Debug|Any CPU
		{730E0582-AE01-B61E-BD67-4B92EB2A323A}.Release|Any CPU.ActiveCfg = Release|Any CPU
		{730E0582-AE01-B61E-BD67-4B92EB2A323A}.Release|Any CPU.Build.0 = Release|Any CPU
	EndGlobalSection
	GlobalSection(SolutionProperties) = preSolution
		HideSolutionNode = FALSE
	EndGlobalSection
EndGlobal
